<?xml version="1.0" encoding="utf-8"?>
<Project ToolsVersion="4.0" xmlns="http://schemas.microsoft.com/developer/msbuild/2003">
  <ItemGroup>
    <Filter Include="Source Files">
      <UniqueIdentifier>{4FC737F1-C7A5-4376-A066-2A32D752A2FF}</UniqueIdentifier>
      <Extensions>cpp;c;cc;cxx;c++;cppm;ixx;def;odl;idl;hpj;bat;asm;asmx</Extensions>
    </Filter>
    <Filter Include="Header Files">
      <UniqueIdentifier>{93995380-89BD-4b04-88EB-625FBE52EBFB}</UniqueIdentifier>
      <Extensions>h;hh;hpp;hxx;h++;hm;inl;inc;ipp;xsd</Extensions>
    </Filter>
    <Filter Include="Resource Files">
      <UniqueIdentifier>{67DA6AB6-F800-4c08-8B7A-83BB121AAD01}</UniqueIdentifier>
      <Extensions>rc;ico;cur;bmp;dlg;rc2;rct;bin;rgs;gif;jpg;jpeg;jpe;resx;tiff;tif;png;wav;mfcribbon-ms</Extensions>
    </Filter>
    <Filter Include="Header Files\pch">
      <UniqueIdentifier>{d0d74dbc-8649-4433-84b5-477350ef1982}</UniqueIdentifier>
    </Filter>
    <Filter Include="Source Files\pch">
      <UniqueIdentifier>{fc583b5d-165e-4b1d-ad59-e8c77b6afa31}</UniqueIdentifier>
    </Filter>
    <Filter Include="Header Files\Update functions">
      <UniqueIdentifier>{1c8a6324-3ef9-4ab8-a3d7-da4da04610f3}</UniqueIdentifier>
    </Filter>
    <Filter Include="Source Files\Thread startup functions">
      <UniqueIdentifier>{7280b9a3-97e8-465d-8909-e499db74d29b}</UniqueIdentifier>
    </Filter>
    <Filter Include="Header Files\Thread startup functions">
      <UniqueIdentifier>{1fb96ea4-fa82-409c-963e-ed8bd45989a6}</UniqueIdentifier>
    </Filter>
    <Filter Include="Source Files\Update functions">
      <UniqueIdentifier>{22f3523e-0bcb-4c6c-a824-a25da7b93fb1}</UniqueIdentifier>
    </Filter>
    <Filter Include="Source Files\Update functions\Player related functions">
      <UniqueIdentifier>{3e007466-a014-4ff6-8976-f8ac1fb93c91}</UniqueIdentifier>
    </Filter>
    <Filter Include="Header Files\Update functions\Player related functions">
      <UniqueIdentifier>{a40c596c-2968-4374-839d-a0909396da95}</UniqueIdentifier>
    </Filter>
    <Filter Include="Source Files\Update functions\Map related functions">
      <UniqueIdentifier>{a1a7a66a-e9d4-4f8f-ae67-bd4bdfe61715}</UniqueIdentifier>
    </Filter>
    <Filter Include="Header Files\Update functions\Map related functions">
      <UniqueIdentifier>{b28fd052-ca0e-4375-b927-a1b516ba53cf}</UniqueIdentifier>
    </Filter>
    <Filter Include="Source Files\Update functions\Map related functions\Static data">
      <UniqueIdentifier>{b53e6284-747e-48a2-a3fe-dadabccb3bcd}</UniqueIdentifier>
    </Filter>
    <Filter Include="Source Files\Update functions\Map related functions\Dynamic data">
      <UniqueIdentifier>{52b1789b-e6ee-4f73-be9a-bbba92d7f4fc}</UniqueIdentifier>
    </Filter>
    <Filter Include="Header Files\Update functions\Map related functions\Static data">
      <UniqueIdentifier>{5821ed98-2866-4271-9358-93d099b6dbb2}</UniqueIdentifier>
    </Filter>
    <Filter Include="Header Files\Update functions\Map related functions\Dynamic data">
      <UniqueIdentifier>{697b315c-2333-4587-baf5-fc9ae7c1892b}</UniqueIdentifier>
    </Filter>
  </ItemGroup>
  <ItemGroup>
    <ClInclude Include="GWClientHub_v2.h">
      <Filter>Header Files</Filter>
    </ClInclude>
    <ClInclude Include="NewWndProc.h">
      <Filter>Header Files\Thread startup functions</Filter>
    </ClInclude>
    <ClInclude Include="SafeWndProc.h">
      <Filter>Header Files\Thread startup functions</Filter>
    </ClInclude>
    <ClInclude Include="SafeThreadEntry.h">
      <Filter>Header Files\Thread startup functions</Filter>
    </ClInclude>
    <ClInclude Include="ThreadEntry.h">
      <Filter>Header Files\Thread startup functions</Filter>
    </ClInclude>
    <ClInclude Include="pch.h">
      <Filter>Header Files\pch</Filter>
    </ClInclude>
    <ClInclude Include="framework.h">
      <Filter>Header Files\pch</Filter>
    </ClInclude>
    <ClInclude Include="SendGameDataToRedis.h">
      <Filter>Header Files\Update functions</Filter>
    </ClInclude>
    <ClInclude Include="AddPlayerStateToRedisPipe.h">
      <Filter>Header Files\Update functions\Player related functions</Filter>
    </ClInclude>
    <ClInclude Include="KeyboardProc.h">
      <Filter>Header Files\Thread startup functions</Filter>
    </ClInclude>
    <ClInclude Include="AddCharacterPositionToRedisPipe.h">
      <Filter>Header Files\Update functions\Player related functions</Filter>
    </ClInclude>
    <ClInclude Include="AddMapBoundariesToRedisPipe.h">
      <Filter>Header Files\Update functions\Map related functions\Static data</Filter>
    </ClInclude>
    <ClInclude Include="AddPathingMapToRedisPipe.h">
      <Filter>Header Files\Update functions\Map related functions\Static data</Filter>
    </ClInclude>
    <ClInclude Include="AddCurrentMapInfoToRedisPipe.h">
      <Filter>Header Files\Update functions\Map related functions\Dynamic data</Filter>
    </ClInclude>
    <ClInclude Include="AddMapPropsToRedisPipe.h">
      <Filter>Header Files\Update functions\Map related functions\Static data</Filter>
    </ClInclude>
  </ItemGroup>
  <ItemGroup>
    <ClCompile Include="dllmain.cpp">
      <Filter>Source Files</Filter>
    </ClCompile>
    <ClCompile Include="GWClientHub_v2.cpp">
      <Filter>Source Files</Filter>
    </ClCompile>
    <ClCompile Include="NewWndProc.cpp">
      <Filter>Source Files\Thread startup functions</Filter>
    </ClCompile>
    <ClCompile Include="SafeWndProc.cpp">
      <Filter>Source Files\Thread startup functions</Filter>
    </ClCompile>
    <ClCompile Include="SafeThreadEntry.cpp">
      <Filter>Source Files\Thread startup functions</Filter>
    </ClCompile>
    <ClCompile Include="ThreadEntry.cpp">
      <Filter>Source Files\Thread startup functions</Filter>
    </ClCompile>
    <ClCompile Include="pch.cpp">
      <Filter>Source Files\pch</Filter>
    </ClCompile>
    <ClCompile Include="SendGameDataToRedis.cpp">
      <Filter>Source Files\Update functions</Filter>
    </ClCompile>
    <ClCompile Include="AddCharacterStateToRedisPipe.cpp">
      <Filter>Source Files\Update functions\Player related functions</Filter>
    </ClCompile>
    <ClCompile Include="AddCharacterPositionToRedisPipe.cpp">
      <Filter>Source Files\Update functions\Player related functions</Filter>
    </ClCompile>
    <ClCompile Include="AddMapBoundariesToRedisPipe.cpp">
      <Filter>Source Files\Update functions\Map related functions\Static data</Filter>
    </ClCompile>
    <ClCompile Include="AddMapTrapezoidsToRedisPipe.cpp">
      <Filter>Source Files\Update functions\Map related functions\Static data</Filter>
    </ClCompile>
    <ClCompile Include="AddCurrentMapInfoToRedisPipe.cpp">
      <Filter>Source Files\Update functions\Map related functions\Dynamic data</Filter>
    </ClCompile>
    <ClCompile Include="AddMapPropsToRedisPipe.cpp">
      <Filter>Source Files\Update functions\Map related functions\Static data</Filter>
    </ClCompile>
  </ItemGroup>
  <ItemGroup>
    <Text Include="vcpkg_packages_required.txt" />
  </ItemGroup>
</Project>