<?xml version="1.0" encoding="utf-8"?>
<Project ToolsVersion="4.0" xmlns="http://schemas.microsoft.com/developer/msbuild/2003">
  <ItemGroup>
    <Filter Include="Source Files">
      <UniqueIdentifier>{4FC737F1-C7A5-4376-A066-2A32D752A2FF}</UniqueIdentifier>
      <Extensions>cpp;c;cc;cxx;c++;cppm;ixx;def;odl;idl;hpj;bat;asm;asmx</Extensions>
    </Filter>
    <Filter Include="Header Files">
      <UniqueIdentifier>{93995380-89BD-4b04-88EB-625FBE52EBFB}</UniqueIdentifier>
      <Extensions>h;hh;hpp;hxx;h++;hm;inl;inc;ipp;xsd</Extensions>
    </Filter>
    <Filter Include="Resource Files">
      <UniqueIdentifier>{67DA6AB6-F800-4c08-8B7A-83BB121AAD01}</UniqueIdentifier>
      <Extensions>rc;ico;cur;bmp;dlg;rc2;rct;bin;rgs;gif;jpg;jpeg;jpe;resx;tiff;tif;png;wav;mfcribbon-ms</Extensions>
    </Filter>
    <Filter Include="Header Files\ThreadStartFunctions">
      <UniqueIdentifier>{1fb96ea4-fa82-409c-963e-ed8bd45989a6}</UniqueIdentifier>
    </Filter>
    <Filter Include="Source Files\ThreadStartFunctions">
      <UniqueIdentifier>{7280b9a3-97e8-465d-8909-e499db74d29b}</UniqueIdentifier>
    </Filter>
    <Filter Include="Header Files\pch">
      <UniqueIdentifier>{d0d74dbc-8649-4433-84b5-477350ef1982}</UniqueIdentifier>
    </Filter>
    <Filter Include="Source Files\pch">
      <UniqueIdentifier>{fc583b5d-165e-4b1d-ad59-e8c77b6afa31}</UniqueIdentifier>
    </Filter>
  </ItemGroup>
  <ItemGroup>
    <ClInclude Include="GWClientHub_v2.h">
      <Filter>Header Files</Filter>
    </ClInclude>
    <ClInclude Include="NewWndProc.h">
      <Filter>Header Files\ThreadStartFunctions</Filter>
    </ClInclude>
    <ClInclude Include="SafeWndProc.h">
      <Filter>Header Files\ThreadStartFunctions</Filter>
    </ClInclude>
    <ClInclude Include="SafeThreadEntry.h">
      <Filter>Header Files\ThreadStartFunctions</Filter>
    </ClInclude>
    <ClInclude Include="ThreadEntry.h">
      <Filter>Header Files\ThreadStartFunctions</Filter>
    </ClInclude>
    <ClInclude Include="pch.h">
      <Filter>Header Files\pch</Filter>
    </ClInclude>
    <ClInclude Include="framework.h">
      <Filter>Header Files\pch</Filter>
    </ClInclude>
  </ItemGroup>
  <ItemGroup>
    <ClCompile Include="dllmain.cpp">
      <Filter>Source Files</Filter>
    </ClCompile>
    <ClCompile Include="GWClientHub_v2.cpp">
      <Filter>Source Files</Filter>
    </ClCompile>
    <ClCompile Include="NewWndProc.cpp">
      <Filter>Source Files\ThreadStartFunctions</Filter>
    </ClCompile>
    <ClCompile Include="SafeWndProc.cpp">
      <Filter>Source Files\ThreadStartFunctions</Filter>
    </ClCompile>
    <ClCompile Include="SafeThreadEntry.cpp">
      <Filter>Source Files\ThreadStartFunctions</Filter>
    </ClCompile>
    <ClCompile Include="ThreadEntry.cpp">
      <Filter>Source Files\ThreadStartFunctions</Filter>
    </ClCompile>
    <ClCompile Include="pch.cpp">
      <Filter>Source Files\pch</Filter>
    </ClCompile>
  </ItemGroup>
</Project>